
Microsoft Visual Studio Solution File, Format Version 12.00
# Visual Studio Version 16
VisualStudioVersion = 16.0.30711.63
MinimumVisualStudioVersion = 10.0.40219.1
Project("{FAE04EC0-301F-11D3-BF4B-00C04F79EFBC}") = "SubWindowTest", "SubWindowTest\SubWindowTest.csproj", "{33FAD988-67F6-4BBF-B8BA-12EDD77BF31D}"
EndProject
Global
	GlobalSection(SolutionConfigurationPlatforms) = preSolution
		Debug|Any CPU = Debug|Any CPU
		Release|Any CPU = Release|Any CPU
	EndGlobalSection
	GlobalSection(ProjectConfigurationPlatforms) = postSolution
		{33FAD988-67F6-4BBF-B8BA-12EDD77BF31D}.Debug|Any CPU.ActiveCfg = Debug|Any CPU
		{33FAD988-67F6-4BBF-B8BA-12EDD77BF31D}.Debug|Any CPU.Build.0 = Debug|Any CPU
		{33FAD988-67F6-4BBF-B8BA-12EDD77BF31D}.Release|Any CPU.ActiveCfg = Release|Any CPU
		{33FAD988-67F6-4BBF-B8BA-12EDD77BF31D}.Release|Any CPU.Build.0 = Release|Any CPU
	EndGlobalSection
	GlobalSection(SolutionProperties) = preSolution
		HideSolutionNode = FALSE
	EndGlobalSection
	GlobalSection(ExtensibilityGlobals) = postSolution
		SolutionGuid = {5DA72040-6FFF-4AEA-9CD2-F2BBFB61208A}
	EndGlobalSection
EndGlobal
